
Microsoft Visual Studio Solution File, Format Version 12.00
# Visual Studio Version 17
VisualStudioVersion = 17.8.34322.80
MinimumVisualStudioVersion = 10.0.40219.1
Project("{FAE04EC0-301F-11D3-BF4B-00C04F79EFBC}") = "vita2", "vita2\vita2.csproj", "{2ED33F30-627D-4A4C-A771-B91A011CC7FB}"
EndProject
Project("{FAE04EC0-301F-11D3-BF4B-00C04F79EFBC}") = "Classes", "Classes\Classes.csproj", "{CAE58E69-AE7A-406A-88D6-EA4D852554EE}"
EndProject
Global
	GlobalSection(SolutionConfigurationPlatforms) = preSolution
		Debug|Any CPU = Debug|Any CPU
		Release|Any CPU = Release|Any CPU
	EndGlobalSection
	GlobalSection(ProjectConfigurationPlatforms) = postSolution
		{2ED33F30-627D-4A4C-A771-B91A011CC7FB}.Debug|Any CPU.ActiveCfg = Debug|Any CPU
		{2ED33F30-627D-4A4C-A771-B91A011CC7FB}.Debug|Any CPU.Build.0 = Debug|Any CPU
		{2ED33F30-627D-4A4C-A771-B91A011CC7FB}.Release|Any CPU.ActiveCfg = Release|Any CPU
		{2ED33F30-627D-4A4C-A771-B91A011CC7FB}.Release|Any CPU.Build.0 = Release|Any CPU
		{CAE58E69-AE7A-406A-88D6-EA4D852554EE}.Debug|Any CPU.ActiveCfg = Debug|Any CPU
		{CAE58E69-AE7A-406A-88D6-EA4D852554EE}.Debug|Any CPU.Build.0 = Debug|Any CPU
		{CAE58E69-AE7A-406A-88D6-EA4D852554EE}.Release|Any CPU.ActiveCfg = Release|Any CPU
		{CAE58E69-AE7A-406A-88D6-EA4D852554EE}.Release|Any CPU.Build.0 = Release|Any CPU
	EndGlobalSection
	GlobalSection(SolutionProperties) = preSolution
		HideSolutionNode = FALSE
	EndGlobalSection
	GlobalSection(ExtensibilityGlobals) = postSolution
		SolutionGuid = {495C2559-4AA1-4B6A-89DE-FC41DD6BA32D}
	EndGlobalSection
EndGlobal
